
Microsoft Visual Studio Solution File, Format Version 11.00
# Visual Studio 2010
Project("{FAE04EC0-301F-11D3-BF4B-00C04F79EFBC}") = "ES2017B1", "Assembly-CSharp.csproj", "{AD25AFC5-5884-769A-9EA6-644898042138}"
EndProject
Project("{FAE04EC0-301F-11D3-BF4B-00C04F79EFBC}") = "ES2017B1", "Assembly-CSharp-firstpass.csproj", "{B19051E1-DFA3-E259-F17C-356321956108}"
EndProject
Project("{FAE04EC0-301F-11D3-BF4B-00C04F79EFBC}") = "ES2017B1", "Assembly-CSharp-Editor-firstpass.csproj", "{7986429A-D2F7-3DC3-34F5-7146D3806BF6}"
EndProject
Global
	GlobalSection(SolutionConfigurationPlatforms) = preSolution
		Debug|Any CPU = Debug|Any CPU
		Release|Any CPU = Release|Any CPU
	EndGlobalSection
	GlobalSection(ProjectConfigurationPlatforms) = postSolution
		{AD25AFC5-5884-769A-9EA6-644898042138}.Debug|Any CPU.ActiveCfg = Debug|Any CPU
		{AD25AFC5-5884-769A-9EA6-644898042138}.Debug|Any CPU.Build.0 = Debug|Any CPU
		{AD25AFC5-5884-769A-9EA6-644898042138}.Release|Any CPU.ActiveCfg = Release|Any CPU
		{AD25AFC5-5884-769A-9EA6-644898042138}.Release|Any CPU.Build.0 = Release|Any CPU
		{B19051E1-DFA3-E259-F17C-356321956108}.Debug|Any CPU.ActiveCfg = Debug|Any CPU
		{B19051E1-DFA3-E259-F17C-356321956108}.Debug|Any CPU.Build.0 = Debug|Any CPU
		{B19051E1-DFA3-E259-F17C-356321956108}.Release|Any CPU.ActiveCfg = Release|Any CPU
		{B19051E1-DFA3-E259-F17C-356321956108}.Release|Any CPU.Build.0 = Release|Any CPU
		{7986429A-D2F7-3DC3-34F5-7146D3806BF6}.Debug|Any CPU.ActiveCfg = Debug|Any CPU
		{7986429A-D2F7-3DC3-34F5-7146D3806BF6}.Debug|Any CPU.Build.0 = Debug|Any CPU
		{7986429A-D2F7-3DC3-34F5-7146D3806BF6}.Release|Any CPU.ActiveCfg = Release|Any CPU
		{7986429A-D2F7-3DC3-34F5-7146D3806BF6}.Release|Any CPU.Build.0 = Release|Any CPU
	EndGlobalSection
	GlobalSection(SolutionProperties) = preSolution
		HideSolutionNode = FALSE
	EndGlobalSection
	GlobalSection(MonoDevelopProperties) = preSolution
		StartupItem = Assembly-CSharp.csproj
	EndGlobalSection
EndGlobal
